{
    "_meta": {
        "hash": {
            "sha256": "77656ebd4681743e5e6ed6416a918214563386538464afb44c6486a130ed4328"
        },
        "pipfile-spec": 6,
        "requires": {
            "python_version": "3.8"
        },
        "sources": [
            {
                "name": "pypi",
                "url": "https://pypi.org/simple",
                "verify_ssl": true
            }
        ]
    },
    "default": {
        "click": {
            "hashes": [
                "sha256:7682dc8afb30297001674575ea00d1814d808d6a36af415a82bd481d37ba7b8e",
                "sha256:bb4d8133cb15a609f44e8213d9b391b0809795062913b383c62be0ee95b1db48"
            ],
            "markers": "python_version >= '3.7'",
            "version": "==8.1.3"
        },
        "flask": {
            "hashes": [
                "sha256:7eb373984bf1c770023fce9db164ed0c3353cd0b53f130f4693da0ca756a2e6d",
                "sha256:c0bec9477df1cb867e5a67c9e1ab758de9cb4a3e52dd70681f59fa40a62b3f2d"
            ],
            "index": "pypi",
            "version": "==2.2.3"
        },
        "importlib-metadata": {
            "hashes": [
                "sha256:43ce9281e097583d758c2c708c4376371261a02c34682491a8e98352365aad20",
                "sha256:ff80f3b5394912eb1b108fcfd444dc78b7f1f3e16b16188054bd01cb9cb86f09"
            ],
            "markers": "python_version < '3.10'",
            "version": "==6.1.0"
        },
        "itsdangerous": {
            "hashes": [
                "sha256:2c2349112351b88699d8d4b6b075022c0808887cb7ad10069318a8b0bc88db44",
                "sha256:5dbbc68b317e5e42f327f9021763545dc3fc3bfe22e6deb96aaf1fc38874156a"
            ],
            "markers": "python_version >= '3.7'",
            "version": "==2.1.2"
        },
        "jinja2": {
            "hashes": [
                "sha256:31351a702a408a9e7595a8fc6150fc3f43bb6bf7e319770cbc0db9df9437e852",
                "sha256:6088930bfe239f0e6710546ab9c19c9ef35e29792895fed6e6e31a023a182a61"
            ],
            "markers": "python_version >= '3.7'",
            "version": "==3.1.2"
        },
        "joblib": {
            "hashes": [
                "sha256:091138ed78f800342968c523bdde947e7a305b8594b910a0fea2ab83c3c6d385",
                "sha256:e1cee4a79e4af22881164f218d4311f60074197fb707e082e803b61f6d137018"
            ],
            "markers": "python_version >= '3.7'",
            "version": "==1.2.0"
        },
        "markupsafe": {
            "hashes": [
                "sha256:0576fe974b40a400449768941d5d0858cc624e3249dfd1e0c33674e5c7ca7aed",
                "sha256:085fd3201e7b12809f9e6e9bc1e5c96a368c8523fad5afb02afe3c051ae4afcc",
                "sha256:090376d812fb6ac5f171e5938e82e7f2d7adc2b629101cec0db8b267815c85e2",
                "sha256:0b462104ba25f1ac006fdab8b6a01ebbfbce9ed37fd37fd4acd70c67c973e460",
                "sha256:137678c63c977754abe9086a3ec011e8fd985ab90631145dfb9294ad09c102a7",
                "sha256:1bea30e9bf331f3fef67e0a3877b2288593c98a21ccb2cf29b74c581a4eb3af0",
                "sha256:22152d00bf4a9c7c83960521fc558f55a1adbc0631fbb00a9471e097b19d72e1",
                "sha256:22731d79ed2eb25059ae3df1dfc9cb1546691cc41f4e3130fe6bfbc3ecbbecfa",
                "sha256:2298c859cfc5463f1b64bd55cb3e602528db6fa0f3cfd568d3605c50678f8f03",
                "sha256:28057e985dace2f478e042eaa15606c7efccb700797660629da387eb289b9323",
                "sha256:2e7821bffe00aa6bd07a23913b7f4e01328c3d5cc0b40b36c0bd81d362faeb65",
                "sha256:2ec4f2d48ae59bbb9d1f9d7efb9236ab81429a764dedca114f5fdabbc3788013",
                "sha256:340bea174e9761308703ae988e982005aedf427de816d1afe98147668cc03036",
                "sha256:40627dcf047dadb22cd25ea7ecfe9cbf3bbbad0482ee5920b582f3809c97654f",
                "sha256:40dfd3fefbef579ee058f139733ac336312663c6706d1163b82b3003fb1925c4",
                "sha256:4cf06cdc1dda95223e9d2d3c58d3b178aa5dacb35ee7e3bbac10e4e1faacb419",
                "sha256:50c42830a633fa0cf9e7d27664637532791bfc31c731a87b202d2d8ac40c3ea2",
                "sha256:55f44b440d491028addb3b88f72207d71eeebfb7b5dbf0643f7c023ae1fba619",
                "sha256:608e7073dfa9e38a85d38474c082d4281f4ce276ac0010224eaba11e929dd53a",
                "sha256:63ba06c9941e46fa389d389644e2d8225e0e3e5ebcc4ff1ea8506dce646f8c8a",
                "sha256:65608c35bfb8a76763f37036547f7adfd09270fbdbf96608be2bead319728fcd",
                "sha256:665a36ae6f8f20a4676b53224e33d456a6f5a72657d9c83c2aa00765072f31f7",
                "sha256:6d6607f98fcf17e534162f0709aaad3ab7a96032723d8ac8750ffe17ae5a0666",
                "sha256:7313ce6a199651c4ed9d7e4cfb4aa56fe923b1adf9af3b420ee14e6d9a73df65",
                "sha256:7668b52e102d0ed87cb082380a7e2e1e78737ddecdde129acadb0eccc5423859",
                "sha256:7df70907e00c970c60b9ef2938d894a9381f38e6b9db73c5be35e59d92e06625",
                "sha256:7e007132af78ea9df29495dbf7b5824cb71648d7133cf7848a2a5dd00d36f9ff",
                "sha256:835fb5e38fd89328e9c81067fd642b3593c33e1e17e2fdbf77f5676abb14a156",
                "sha256:8bca7e26c1dd751236cfb0c6c72d4ad61d986e9a41bbf76cb445f69488b2a2bd",
                "sha256:8db032bf0ce9022a8e41a22598eefc802314e81b879ae093f36ce9ddf39ab1ba",
                "sha256:99625a92da8229df6d44335e6fcc558a5037dd0a760e11d84be2260e6f37002f",
                "sha256:9cad97ab29dfc3f0249b483412c85c8ef4766d96cdf9dcf5a1e3caa3f3661cf1",
                "sha256:a4abaec6ca3ad8660690236d11bfe28dfd707778e2442b45addd2f086d6ef094",
                "sha256:a6e40afa7f45939ca356f348c8e23048e02cb109ced1eb8420961b2f40fb373a",
                "sha256:a6f2fcca746e8d5910e18782f976489939d54a91f9411c32051b4aab2bd7c513",
                "sha256:a806db027852538d2ad7555b203300173dd1b77ba116de92da9afbc3a3be3eed",
                "sha256:abcabc8c2b26036d62d4c746381a6f7cf60aafcc653198ad678306986b09450d",
                "sha256:b8526c6d437855442cdd3d87eede9c425c4445ea011ca38d937db299382e6fa3",
                "sha256:bb06feb762bade6bf3c8b844462274db0c76acc95c52abe8dbed28ae3d44a147",
                "sha256:c0a33bc9f02c2b17c3ea382f91b4db0e6cde90b63b296422a939886a7a80de1c",
                "sha256:c4a549890a45f57f1ebf99c067a4ad0cb423a05544accaf2b065246827ed9603",
                "sha256:ca244fa73f50a800cf8c3ebf7fd93149ec37f5cb9596aa8873ae2c1d23498601",
                "sha256:cf877ab4ed6e302ec1d04952ca358b381a882fbd9d1b07cccbfd61783561f98a",
                "sha256:d9d971ec1e79906046aa3ca266de79eac42f1dbf3612a05dc9368125952bd1a1",
                "sha256:da25303d91526aac3672ee6d49a2f3db2d9502a4a60b55519feb1a4c7714e07d",
                "sha256:e55e40ff0cc8cc5c07996915ad367fa47da6b3fc091fdadca7f5403239c5fec3",
                "sha256:f03a532d7dee1bed20bc4884194a16160a2de9ffc6354b3878ec9682bb623c54",
                "sha256:f1cd098434e83e656abf198f103a8207a8187c0fc110306691a2e94a78d0abb2",
                "sha256:f2bfb563d0211ce16b63c7cb9395d2c682a23187f54c3d79bfec33e6705473c6",
                "sha256:f8ffb705ffcf5ddd0e80b65ddf7bed7ee4f5a441ea7d3419e861a12eaf41af58"
            ],
            "markers": "python_version >= '3.7'",
            "version": "==2.1.2"
        },
        "nltk": {
            "hashes": [
                "sha256:1834da3d0682cba4f2cede2f9aad6b0fafb6461ba451db0efb6f9c39798d64d3",
                "sha256:fd5c9109f976fa86bcadba8f91e47f5e9293bd034474752e92a520f81c93dda5"
            ],
            "index": "pypi",
            "version": "==3.8.1"
        },
        "python-dotenv": {
            "hashes": [
                "sha256:a8df96034aae6d2d50a4ebe8216326c61c3eb64836776504fcca410e5937a3ba",
                "sha256:f5971a9226b701070a4bf2c38c89e5a3f0d64de8debda981d1db98583009122a"
            ],
            "index": "pypi",
            "version": "==1.0.0"
        },
        "regex": {
            "hashes": [
                "sha256:0a2a851d0548a4e298d88e3ceeb4bad4aab751cf1883edf6150f25718ce0207a",
                "sha256:148ad520f41021b97870e9c80420e6cdaadcc5e4306e613aed84cd5d53f8a7ca",
                "sha256:159c7b83488a056365119ada0bceddc06a455d3db7a7aa3cf07f13b2878b885f",
                "sha256:1937946dd03818845bd9c1713dfd3173a7b9a324e6593a235fc8c51c9cd460eb",
                "sha256:20ce96da2093e72e151d6af8217a629aeb5f48f1ac543c2fffd1d87c57699d7e",
                "sha256:24242e5f26823e95edd64969bd206d4752c1a56a744d8cbcf58461f9788bc0c7",
                "sha256:2e2e6baf4a1108f84966f44870b26766d8f6d104c9959aae329078327c677122",
                "sha256:328a70e578f37f59eb54e8450b5042190bbadf2ef7f5c0b60829574b62955ed7",
                "sha256:3371975b165c1e859e1990e5069e8606f00b25aed961cfd25b7bac626b1eb5a9",
                "sha256:33bab9c9af936123b70b9874ce83f2bcd54be76b97637b33d31560fba8ad5d78",
                "sha256:33c887b658afb144cdc8ce9156a0e1098453060c18b8bd5177f831ad58e0d60d",
                "sha256:3582db55372eaee9e998d378109c4b9b15beb2c84624c767efe351363fada9c4",
                "sha256:3b4da28d89527572f0d4a24814e353e1228a7aeda965e5d9265c1435a154b17a",
                "sha256:3c4fa90fd91cc2957e66195ce374331bebbc816964864f64b42bd14bda773b53",
                "sha256:3e66cfc915f5f7e2c8a0af8a27f87aa857f440de7521fd7f2682e23f082142a1",
                "sha256:3f6f29cb134d782685f8eda01d72073c483c7f87b318b5101c7001faef7850f5",
                "sha256:43469c22fcf705a7cb59c7e01d6d96975bdbc54c1138900f04d11496489a0054",
                "sha256:4ad467524cb6879ce42107cf02a49cdb4a06f07fe0e5f1160d7db865a8d25d4b",
                "sha256:4c9c3db90acd17e4231344a23616f33fd79837809584ce30e2450ca312fa47aa",
                "sha256:533ba64d67d882286557106a1c5f12b4c2825f11b47a7c209a8c22922ca882be",
                "sha256:548257463696daf919d2fdfc53ee4b98e29e3ffc5afddd713d83aa849d1fa178",
                "sha256:55f907c4d18a5a40da0ceb339a0beda77c9df47c934adad987793632fb4318c3",
                "sha256:5826e7fb443acb49f64f9648a2852efc8d9af2f4c67f6c3dca69dccd9e8e1d15",
                "sha256:59a15c2803c20702d7f2077807d9a2b7d9a168034b87fd3f0d8361de60019a1e",
                "sha256:59b3aab231c27cd754d6452c43b12498d34e7ab87d69a502bd0220f4b1c090c4",
                "sha256:5da83c964aecb6c3f2a6c9a03f3d0fa579e1ad208e2c264ba826cecd19da11fa",
                "sha256:60b545806a433cc752b9fa936f1c0a63bf96a3872965b958b35bd0d5d788d411",
                "sha256:60fcef5c3144d861b623456d87ca7fff7af59a4a918e1364cdd0687b48285285",
                "sha256:617d101b95151d827d5366e9c4225a68c64d56065e41ab9c7ef51bb87f347a8a",
                "sha256:68e9add923bda8357e6fe65a568766feae369063cb7210297067675cce65272f",
                "sha256:7798b3d662f70cea425637c54da30ef1894d426cab24ee7ffaaccb24a8b17bb8",
                "sha256:80a288b21b17e39fb3630cf1d14fd704499bb11d9c8fc110662a0c57758d3d3e",
                "sha256:81291006a934052161eae8340e7731ea6b8595b0c27dd4927c4e8a489e1760e2",
                "sha256:8527ea0978ed6dc58ccb3935bd2883537b455c97ec44b5d8084677dfa817f96b",
                "sha256:87016850c13082747bd120558e6750746177bd492b103b2fca761c8a1c43fba9",
                "sha256:88552925fd22320600c59ee80342d6eb06bfa9503c3a402d7327983f5fa999d9",
                "sha256:8d7477ebaf5d3621c763702e1ec0daeede8863fb22459c5e26ddfd17e9b1999c",
                "sha256:97326d62255203c6026896d4b1ad6b5a0141ba097cae00ed3a508fe454e96baf",
                "sha256:a4c7b8c5a3a186b49415af3be18e4b8f93b33d6853216c0a1d7401736b703bce",
                "sha256:aff7c778d9229d66f716ad98a701fa91cf97935ae4a32a145ae9e61619906aaa",
                "sha256:b280cb303fed94199f0b976595af71ebdcd388fb5e377a8198790f1016a23476",
                "sha256:b59233cb8df6b60fff5f3056f6f342a8f5f04107a11936bf49ebff87dd4ace34",
                "sha256:bdab2c90665b88faf5cc5e11bf835d548f4b8d8060c89fc70782b6020850aa1c",
                "sha256:c00c357a4914f58398503c7f716cf1646b1e36b8176efa35255f5ebfacedfa46",
                "sha256:c95a977cfdccb8ddef95ddd77cf586fe9dc327c7c93cf712983cece70cdaa1be",
                "sha256:cdd3d2df486c9a8c6d08f78bdfa8ea7cf6191e037fde38c2cf6f5f0559e9d353",
                "sha256:d15a0cc48f7a3055e89df1bd6623a907c407d1f58f67ff47064e598d4a550de4",
                "sha256:d40cecf4bcb2cb37c59e3c79e5bbc45d47e3f3e07edf24e35fc5775db2570058",
                "sha256:d4d3571c8eb21f0fbe9f0b21b49092c24d442f9a295f079949df3551b2886f29",
                "sha256:d94a0d25e517c76c9ce9e2e2635d9d1a644b894f466a66a10061f4e599cdc019",
                "sha256:dcc5b0d6a94637c071a427dc4469efd0ae4fda8ff384790bc8b5baaf9308dc3e",
                "sha256:e00b046000b313ffaa2f6e8d7290b33b08d2005150eff4c8cf3ad74d011888d1",
                "sha256:e1b56dac5e86ab52e0443d63b02796357202a8f8c5966b69f8d4c03a94778e98",
                "sha256:e30d9a6fd7a7a6a4da6f80d167ce8eda4a993ff24282cbc73f34186c46a498db",
                "sha256:f1977c1fe28173f2349d42c59f80f10a97ce34f2bedb7b7f55e2e8a8de9b7dfb",
                "sha256:f2bc8a9076ea7add860d57dbee0554a212962ecf2a900344f2fc7c56a02463b0",
                "sha256:f311ca33fcb9f8fb060c1fa76238d8d029f33b71a2021bafa5d423cc25965b54",
                "sha256:f579a202b90c1110d0894a86b32a89bf550fdb34bdd3f9f550115706be462e19",
                "sha256:fa41a427d4f03ec6d6da2fd8a230f4f388f336cd7ca46b46c4d2a1bca3ead85a",
                "sha256:fd47362e03acc780aad5a5bc4624d495594261b55a1f79a5b775b6be865a5911"
            ],
            "markers": "python_version >= '3.8'",
            "version": "==2023.3.22"
        },
        "tqdm": {
            "hashes": [
                "sha256:1871fb68a86b8fb3b59ca4cdd3dcccbc7e6d613eeed31f4c332531977b89beb5",
                "sha256:c4f53a17fe37e132815abceec022631be8ffe1b9381c2e6e30aa70edc99e9671"
            ],
            "markers": "python_version >= '3.7'",
            "version": "==4.65.0"
        },
        "werkzeug": {
            "hashes": [
                "sha256:2e1ccc9417d4da358b9de6f174e3ac094391ea1d4fbef2d667865d819dfd0afe",
                "sha256:56433961bc1f12533306c624f3be5e744389ac61d722175d543e1751285da612"
            ],
            "markers": "python_version >= '3.7'",
            "version": "==2.2.3"
        },
        "zipp": {
            "hashes": [
                "sha256:112929ad649da941c23de50f356a2b5570c954b65150642bccdd66bf194d224b",
                "sha256:48904fc76a60e542af151aded95726c1a5c34ed43ab4134b597665c86d7ad556"
            ],
            "markers": "python_version >= '3.7'",
            "version": "==3.15.0"
        }
    },
    "develop": {}
}
